
Microsoft Visual Studio Solution File, Format Version 12.00
# Visual Studio Version 17
VisualStudioVersion = 17.14.37411.7 d17.14
MinimumVisualStudioVersion = 10.0.40219.1
Project("{FAE04EC0-301F-11D3-BF4B-00C04F79EFBC}") = "CustomerManager.Tests", "CustomerManager.Tests\CustomerManager.Tests.csproj", "{2DB8E4E5-F07D-47DE-A448-FFDFB7DD19BF}"
EndProject
Global
	GlobalSection(SolutionConfigurationPlatforms) = preSolution
		Debug|Any CPU = Debug|Any CPU
		Release|Any CPU = Release|Any CPU
	EndGlobalSection
	GlobalSection(ProjectConfigurationPlatforms) = postSolution
		{2DB8E4E5-F07D-47DE-A448-FFDFB7DD19BF}.Debug|Any CPU.ActiveCfg = Debug|Any CPU
		{2DB8E4E5-F07D-47DE-A448-FFDFB7DD19BF}.Debug|Any CPU.Build.0 = Debug|Any CPU
		{2DB8E4E5-F07D-47DE-A448-FFDFB7DD19BF}.Release|Any CPU.ActiveCfg = Release|Any CPU
		{2DB8E4E5-F07D-47DE-A448-FFDFB7DD19BF}.Release|Any CPU.Build.0 = Release|Any CPU
	EndGlobalSection
	GlobalSection(SolutionProperties) = preSolution
		HideSolutionNode = FALSE
	EndGlobalSection
	GlobalSection(ExtensibilityGlobals) = postSolution
		SolutionGuid = {47D2DE06-3319-437A-8B1E-CF10A08BEE71}
	EndGlobalSection
EndGlobal
